
Microsoft Visual Studio Solution File, Format Version 12.00
# Visual Studio Version 16
VisualStudioVersion = 16.0.29503.13
MinimumVisualStudioVersion = 10.0.40219.1
Project("{FAE04EC0-301F-11D3-BF4B-00C04F79EFBC}") = "Decorator", "Decorator\Decorator.csproj", "{D9BF3727-B34F-4C38-A803-86C43B5B83AF}"
EndProject
Project("{FAE04EC0-301F-11D3-BF4B-00C04F79EFBC}") = "SimpleFactory", "SimpleFactory\SimpleFactory.csproj", "{734BDD53-ECD2-416E-A979-93EFC69807AD}"
EndProject
Project("{FAE04EC0-301F-11D3-BF4B-00C04F79EFBC}") = "FactoryMethod", "FactoryMethod\FactoryMethod.csproj", "{000DCF3E-49C7-4F3A-8691-E229CE574553}"
EndProject
Global
	GlobalSection(SolutionConfigurationPlatforms) = preSolution
		Debug|Any CPU = Debug|Any CPU
		Release|Any CPU = Release|Any CPU
	EndGlobalSection
	GlobalSection(ProjectConfigurationPlatforms) = postSolution
		{D9BF3727-B34F-4C38-A803-86C43B5B83AF}.Debug|Any CPU.ActiveCfg = Debug|Any CPU
		{D9BF3727-B34F-4C38-A803-86C43B5B83AF}.Debug|Any CPU.Build.0 = Debug|Any CPU
		{D9BF3727-B34F-4C38-A803-86C43B5B83AF}.Release|Any CPU.ActiveCfg = Release|Any CPU
		{D9BF3727-B34F-4C38-A803-86C43B5B83AF}.Release|Any CPU.Build.0 = Release|Any CPU
		{734BDD53-ECD2-416E-A979-93EFC69807AD}.Debug|Any CPU.ActiveCfg = Debug|Any CPU
		{734BDD53-ECD2-416E-A979-93EFC69807AD}.Debug|Any CPU.Build.0 = Debug|Any CPU
		{734BDD53-ECD2-416E-A979-93EFC69807AD}.Release|Any CPU.ActiveCfg = Release|Any CPU
		{734BDD53-ECD2-416E-A979-93EFC69807AD}.Release|Any CPU.Build.0 = Release|Any CPU
		{000DCF3E-49C7-4F3A-8691-E229CE574553}.Debug|Any CPU.ActiveCfg = Debug|Any CPU
		{000DCF3E-49C7-4F3A-8691-E229CE574553}.Debug|Any CPU.Build.0 = Debug|Any CPU
		{000DCF3E-49C7-4F3A-8691-E229CE574553}.Release|Any CPU.ActiveCfg = Release|Any CPU
		{000DCF3E-49C7-4F3A-8691-E229CE574553}.Release|Any CPU.Build.0 = Release|Any CPU
	EndGlobalSection
	GlobalSection(SolutionProperties) = preSolution
		HideSolutionNode = FALSE
	EndGlobalSection
	GlobalSection(ExtensibilityGlobals) = postSolution
		SolutionGuid = {EE7F3D88-FD9C-4D74-AF4E-165F742D989A}
	EndGlobalSection
EndGlobal
